
Microsoft Visual Studio Solution File, Format Version 12.00
# Visual Studio Version 16
VisualStudioVersion = 16.0.31402.337
MinimumVisualStudioVersion = 10.0.40219.1
Project("{FAE04EC0-301F-11D3-BF4B-00C04F79EFBC}") = "Exercises3lessson", "ConsoleApp1\Exercises3lessson.csproj", "{8F174025-18D9-4B43-A0BE-06A1832799C5}"
EndProject
Global
	GlobalSection(SolutionConfigurationPlatforms) = preSolution
		Debug|Any CPU = Debug|Any CPU
		Release|Any CPU = Release|Any CPU
	EndGlobalSection
	GlobalSection(ProjectConfigurationPlatforms) = postSolution
		{8F174025-18D9-4B43-A0BE-06A1832799C5}.Debug|Any CPU.ActiveCfg = Debug|Any CPU
		{8F174025-18D9-4B43-A0BE-06A1832799C5}.Debug|Any CPU.Build.0 = Debug|Any CPU
		{8F174025-18D9-4B43-A0BE-06A1832799C5}.Release|Any CPU.ActiveCfg = Release|Any CPU
		{8F174025-18D9-4B43-A0BE-06A1832799C5}.Release|Any CPU.Build.0 = Release|Any CPU
	EndGlobalSection
	GlobalSection(SolutionProperties) = preSolution
		HideSolutionNode = FALSE
	EndGlobalSection
	GlobalSection(ExtensibilityGlobals) = postSolution
		SolutionGuid = {70322E99-B2D7-4870-B708-DB71BE1A8B1D}
	EndGlobalSection
EndGlobal
