
Microsoft Visual Studio Solution File, Format Version 12.00
# Visual Studio Version 16
VisualStudioVersion = 16.0.31402.337
MinimumVisualStudioVersion = 10.0.40219.1
Project("{FAE04EC0-301F-11D3-BF4B-00C04F79EFBC}") = "1 - World Tour", "1 - World Tour\1 - World Tour.csproj", "{BED004B6-08A3-4FE4-9986-4F084C910B03}"
EndProject
Project("{FAE04EC0-301F-11D3-BF4B-00C04F79EFBC}") = "2 - Destination Mapper", "2 - Destination Mapper\2 - Destination Mapper.csproj", "{3E056BEB-A587-4F80-8623-E3F4B7580142}"
EndProject
Project("{FAE04EC0-301F-11D3-BF4B-00C04F79EFBC}") = "3 - Plant Discovery", "3 - Plant Discovery\3 - Plant Discovery.csproj", "{4F36B0CC-CE2E-4C39-9CB8-71374A307C10}"
EndProject
Global
	GlobalSection(SolutionConfigurationPlatforms) = preSolution
		Debug|Any CPU = Debug|Any CPU
		Release|Any CPU = Release|Any CPU
	EndGlobalSection
	GlobalSection(ProjectConfigurationPlatforms) = postSolution
		{BED004B6-08A3-4FE4-9986-4F084C910B03}.Debug|Any CPU.ActiveCfg = Debug|Any CPU
		{BED004B6-08A3-4FE4-9986-4F084C910B03}.Debug|Any CPU.Build.0 = Debug|Any CPU
		{BED004B6-08A3-4FE4-9986-4F084C910B03}.Release|Any CPU.ActiveCfg = Release|Any CPU
		{BED004B6-08A3-4FE4-9986-4F084C910B03}.Release|Any CPU.Build.0 = Release|Any CPU
		{3E056BEB-A587-4F80-8623-E3F4B7580142}.Debug|Any CPU.ActiveCfg = Debug|Any CPU
		{3E056BEB-A587-4F80-8623-E3F4B7580142}.Debug|Any CPU.Build.0 = Debug|Any CPU
		{3E056BEB-A587-4F80-8623-E3F4B7580142}.Release|Any CPU.ActiveCfg = Release|Any CPU
		{3E056BEB-A587-4F80-8623-E3F4B7580142}.Release|Any CPU.Build.0 = Release|Any CPU
		{4F36B0CC-CE2E-4C39-9CB8-71374A307C10}.Debug|Any CPU.ActiveCfg = Debug|Any CPU
		{4F36B0CC-CE2E-4C39-9CB8-71374A307C10}.Debug|Any CPU.Build.0 = Debug|Any CPU
		{4F36B0CC-CE2E-4C39-9CB8-71374A307C10}.Release|Any CPU.ActiveCfg = Release|Any CPU
		{4F36B0CC-CE2E-4C39-9CB8-71374A307C10}.Release|Any CPU.Build.0 = Release|Any CPU
	EndGlobalSection
	GlobalSection(SolutionProperties) = preSolution
		HideSolutionNode = FALSE
	EndGlobalSection
	GlobalSection(ExtensibilityGlobals) = postSolution
		SolutionGuid = {7AA3B127-D078-47C6-8222-85CD3CFD2471}
	EndGlobalSection
EndGlobal
